
Microsoft Visual Studio Solution File, Format Version 12.00
# Visual Studio 2012
Project("{FAE04EC0-301F-11D3-BF4B-00C04F79EFBC}") = "ObjCSelectors", "ObjCSelectors\ObjCSelectors.csproj", "{114358A7-7CFE-47B2-945B-E5864C2F99E7}"
EndProject
Global
	GlobalSection(SolutionConfigurationPlatforms) = preSolution
		Debug|iPhoneSimulator = Debug|iPhoneSimulator
		Release|iPhoneSimulator = Release|iPhoneSimulator
		Debug|iPhone = Debug|iPhone
		Release|iPhone = Release|iPhone
	EndGlobalSection
	GlobalSection(ProjectConfigurationPlatforms) = postSolution
		{114358A7-7CFE-47B2-945B-E5864C2F99E7}.Debug|iPhone.ActiveCfg = Debug|iPhone
		{114358A7-7CFE-47B2-945B-E5864C2F99E7}.Debug|iPhone.Build.0 = Debug|iPhone
		{114358A7-7CFE-47B2-945B-E5864C2F99E7}.Debug|iPhoneSimulator.ActiveCfg = Debug|iPhoneSimulator
		{114358A7-7CFE-47B2-945B-E5864C2F99E7}.Debug|iPhoneSimulator.Build.0 = Debug|iPhoneSimulator
		{114358A7-7CFE-47B2-945B-E5864C2F99E7}.Release|iPhone.ActiveCfg = Release|iPhone
		{114358A7-7CFE-47B2-945B-E5864C2F99E7}.Release|iPhone.Build.0 = Release|iPhone
		{114358A7-7CFE-47B2-945B-E5864C2F99E7}.Release|iPhoneSimulator.ActiveCfg = Release|iPhoneSimulator
		{114358A7-7CFE-47B2-945B-E5864C2F99E7}.Release|iPhoneSimulator.Build.0 = Release|iPhoneSimulator
	EndGlobalSection
EndGlobal
